
Microsoft Visual Studio Solution File, Format Version 12.00
# Visual Studio 15
VisualStudioVersion = 15.0.28307.421
MinimumVisualStudioVersion = 10.0.40219.1
Project("{FAE04EC0-301F-11D3-BF4B-00C04F79EFBC}") = "DinnerParty", "DinnerParty\DinnerParty.csproj", "{BC454F83-92A1-4D7A-8474-BB85AC3B1B8D}"
EndProject
Global
	GlobalSection(SolutionConfigurationPlatforms) = preSolution
		Debug|Any CPU = Debug|Any CPU
		Release|Any CPU = Release|Any CPU
	EndGlobalSection
	GlobalSection(ProjectConfigurationPlatforms) = postSolution
		{BC454F83-92A1-4D7A-8474-BB85AC3B1B8D}.Debug|Any CPU.ActiveCfg = Debug|Any CPU
		{BC454F83-92A1-4D7A-8474-BB85AC3B1B8D}.Debug|Any CPU.Build.0 = Debug|Any CPU
		{BC454F83-92A1-4D7A-8474-BB85AC3B1B8D}.Release|Any CPU.ActiveCfg = Release|Any CPU
		{BC454F83-92A1-4D7A-8474-BB85AC3B1B8D}.Release|Any CPU.Build.0 = Release|Any CPU
	EndGlobalSection
	GlobalSection(SolutionProperties) = preSolution
		HideSolutionNode = FALSE
	EndGlobalSection
	GlobalSection(ExtensibilityGlobals) = postSolution
		SolutionGuid = {9F8CAAD8-44BF-4CBC-89CA-B476877DFC14}
	EndGlobalSection
EndGlobal
