
Microsoft Visual Studio Solution File, Format Version 12.00
# Visual Studio 15
VisualStudioVersion = 15.0.28307.271
MinimumVisualStudioVersion = 10.0.40219.1
Project("{FAE04EC0-301F-11D3-BF4B-00C04F79EFBC}") = "Week4Exercise", "Week4Exercise\Week4Exercise.csproj", "{B20E6A57-BEBF-4BF8-84BF-BEF992A8E215}"
EndProject
Global
	GlobalSection(SolutionConfigurationPlatforms) = preSolution
		Debug|Any CPU = Debug|Any CPU
		Release|Any CPU = Release|Any CPU
	EndGlobalSection
	GlobalSection(ProjectConfigurationPlatforms) = postSolution
		{B20E6A57-BEBF-4BF8-84BF-BEF992A8E215}.Debug|Any CPU.ActiveCfg = Debug|Any CPU
		{B20E6A57-BEBF-4BF8-84BF-BEF992A8E215}.Debug|Any CPU.Build.0 = Debug|Any CPU
		{B20E6A57-BEBF-4BF8-84BF-BEF992A8E215}.Release|Any CPU.ActiveCfg = Release|Any CPU
		{B20E6A57-BEBF-4BF8-84BF-BEF992A8E215}.Release|Any CPU.Build.0 = Release|Any CPU
	EndGlobalSection
	GlobalSection(SolutionProperties) = preSolution
		HideSolutionNode = FALSE
	EndGlobalSection
	GlobalSection(ExtensibilityGlobals) = postSolution
		SolutionGuid = {BCB75822-523D-4963-953F-15843419573C}
	EndGlobalSection
EndGlobal
